
Microsoft Visual Studio Solution File, Format Version 12.00
# Visual Studio Version 16
VisualStudioVersion = 16.0.31005.135
MinimumVisualStudioVersion = 10.0.40219.1
Project("{FAE04EC0-301F-11D3-BF4B-00C04F79EFBC}") = "Hello_Word", "Hello_Word.csproj", "{AD64E6B4-D05C-4025-AB82-C3C120035505}"
EndProject
Global
	GlobalSection(SolutionConfigurationPlatforms) = preSolution
		Debug|Any CPU = Debug|Any CPU
		Release|Any CPU = Release|Any CPU
	EndGlobalSection
	GlobalSection(ProjectConfigurationPlatforms) = postSolution
		{AD64E6B4-D05C-4025-AB82-C3C120035505}.Debug|Any CPU.ActiveCfg = Debug|Any CPU
		{AD64E6B4-D05C-4025-AB82-C3C120035505}.Debug|Any CPU.Build.0 = Debug|Any CPU
		{AD64E6B4-D05C-4025-AB82-C3C120035505}.Release|Any CPU.ActiveCfg = Release|Any CPU
		{AD64E6B4-D05C-4025-AB82-C3C120035505}.Release|Any CPU.Build.0 = Release|Any CPU
	EndGlobalSection
	GlobalSection(SolutionProperties) = preSolution
		HideSolutionNode = FALSE
	EndGlobalSection
	GlobalSection(ExtensibilityGlobals) = postSolution
		SolutionGuid = {8766AED1-62A8-40A5-B230-D09599A2C570}
	EndGlobalSection
EndGlobal
