
Microsoft Visual Studio Solution File, Format Version 12.00
# Visual Studio Version 16
VisualStudioVersion = 16.0.31005.135
MinimumVisualStudioVersion = 10.0.40219.1
Project("{FAE04EC0-301F-11D3-BF4B-00C04F79EFBC}") = "QuadradoDivisao", "QuadradoDivisao.csproj", "{08A64B80-5A03-4736-A347-211A39EE6696}"
EndProject
Global
	GlobalSection(SolutionConfigurationPlatforms) = preSolution
		Debug|Any CPU = Debug|Any CPU
		Release|Any CPU = Release|Any CPU
	EndGlobalSection
	GlobalSection(ProjectConfigurationPlatforms) = postSolution
		{08A64B80-5A03-4736-A347-211A39EE6696}.Debug|Any CPU.ActiveCfg = Debug|Any CPU
		{08A64B80-5A03-4736-A347-211A39EE6696}.Debug|Any CPU.Build.0 = Debug|Any CPU
		{08A64B80-5A03-4736-A347-211A39EE6696}.Release|Any CPU.ActiveCfg = Release|Any CPU
		{08A64B80-5A03-4736-A347-211A39EE6696}.Release|Any CPU.Build.0 = Release|Any CPU
	EndGlobalSection
	GlobalSection(SolutionProperties) = preSolution
		HideSolutionNode = FALSE
	EndGlobalSection
	GlobalSection(ExtensibilityGlobals) = postSolution
		SolutionGuid = {DFFE5B62-4C53-4E41-BB15-4F27106A190D}
	EndGlobalSection
EndGlobal
